
Microsoft Visual Studio Solution File, Format Version 12.00
# Visual Studio Version 17
VisualStudioVersion = 17.0.32126.317
MinimumVisualStudioVersion = 10.0.40219.1
Project("{FAE04EC0-301F-11D3-BF4B-00C04F79EFBC}") = "ADEES_API.WebAPI", "ADEES_API\ADEES_API.WebAPI.csproj", "{91A7A13A-0863-406C-9FEA-D036BBCF0986}"
EndProject
Project("{FAE04EC0-301F-11D3-BF4B-00C04F79EFBC}") = "ADDESAPI.Core", "ADDESAPI.Core\ADDESAPI.Core.csproj", "{CDD26CA2-410A-414F-B88D-CBECC868B154}"
EndProject
Project("{FAE04EC0-301F-11D3-BF4B-00C04F79EFBC}") = "ADDESAPI.Infrastructure", "ADDESAPI.Infrastructure\ADDESAPI.Infrastructure.csproj", "{0F46DEF5-E22C-4202-85BF-F4D85FC11EB5}"
EndProject
Global
	GlobalSection(SolutionConfigurationPlatforms) = preSolution
		Debug|Any CPU = Debug|Any CPU
		Release|Any CPU = Release|Any CPU
	EndGlobalSection
	GlobalSection(ProjectConfigurationPlatforms) = postSolution
		{91A7A13A-0863-406C-9FEA-D036BBCF0986}.Debug|Any CPU.ActiveCfg = Debug|Any CPU
		{91A7A13A-0863-406C-9FEA-D036BBCF0986}.Debug|Any CPU.Build.0 = Debug|Any CPU
		{91A7A13A-0863-406C-9FEA-D036BBCF0986}.Release|Any CPU.ActiveCfg = Release|Any CPU
		{91A7A13A-0863-406C-9FEA-D036BBCF0986}.Release|Any CPU.Build.0 = Release|Any CPU
		{CDD26CA2-410A-414F-B88D-CBECC868B154}.Debug|Any CPU.ActiveCfg = Debug|Any CPU
		{CDD26CA2-410A-414F-B88D-CBECC868B154}.Debug|Any CPU.Build.0 = Debug|Any CPU
		{CDD26CA2-410A-414F-B88D-CBECC868B154}.Release|Any CPU.ActiveCfg = Release|Any CPU
		{CDD26CA2-410A-414F-B88D-CBECC868B154}.Release|Any CPU.Build.0 = Release|Any CPU
		{0F46DEF5-E22C-4202-85BF-F4D85FC11EB5}.Debug|Any CPU.ActiveCfg = Debug|Any CPU
		{0F46DEF5-E22C-4202-85BF-F4D85FC11EB5}.Debug|Any CPU.Build.0 = Debug|Any CPU
		{0F46DEF5-E22C-4202-85BF-F4D85FC11EB5}.Release|Any CPU.ActiveCfg = Release|Any CPU
		{0F46DEF5-E22C-4202-85BF-F4D85FC11EB5}.Release|Any CPU.Build.0 = Release|Any CPU
	EndGlobalSection
	GlobalSection(SolutionProperties) = preSolution
		HideSolutionNode = FALSE
	EndGlobalSection
	GlobalSection(ExtensibilityGlobals) = postSolution
		SolutionGuid = {5F5819AF-59F7-4947-9E71-258C5EA4D16D}
	EndGlobalSection
EndGlobal
